
Microsoft Visual Studio Solution File, Format Version 12.00
# Visual Studio Version 17
VisualStudioVersion = 17.13.35931.197
MinimumVisualStudioVersion = 10.0.40219.1
Project("{FAE04EC0-301F-11D3-BF4B-00C04F79EFBC}") = "Calculator", "Calculator.csproj", "{EA0C7491-79A7-4453-8A2D-BD6058E52D30}"
EndProject
Project("{C7167F0D-BC9F-4E6E-AFE1-012C56B48DB5}") = "Calculator-Package", "..\Calculator-Package\Calculator-Package.wapproj", "{9F4E4CA8-477D-4F21-AC6F-F50E33E75CBC}"
EndProject
Global
	GlobalSection(SolutionConfigurationPlatforms) = preSolution
		Debug|Any CPU = Debug|Any CPU
		Debug|ARM = Debug|ARM
		Debug|ARM64 = Debug|ARM64
		Debug|x64 = Debug|x64
		Debug|x86 = Debug|x86
		Release|Any CPU = Release|Any CPU
		Release|ARM = Release|ARM
		Release|ARM64 = Release|ARM64
		Release|x64 = Release|x64
		Release|x86 = Release|x86
	EndGlobalSection
	GlobalSection(ProjectConfigurationPlatforms) = postSolution
		{EA0C7491-79A7-4453-8A2D-BD6058E52D30}.Debug|Any CPU.ActiveCfg = Debug|Any CPU
		{EA0C7491-79A7-4453-8A2D-BD6058E52D30}.Debug|Any CPU.Build.0 = Debug|Any CPU
		{EA0C7491-79A7-4453-8A2D-BD6058E52D30}.Debug|ARM.ActiveCfg = Debug|Any CPU
		{EA0C7491-79A7-4453-8A2D-BD6058E52D30}.Debug|ARM.Build.0 = Debug|Any CPU
		{EA0C7491-79A7-4453-8A2D-BD6058E52D30}.Debug|ARM64.ActiveCfg = Debug|Any CPU
		{EA0C7491-79A7-4453-8A2D-BD6058E52D30}.Debug|ARM64.Build.0 = Debug|Any CPU
		{EA0C7491-79A7-4453-8A2D-BD6058E52D30}.Debug|x64.ActiveCfg = Debug|Any CPU
		{EA0C7491-79A7-4453-8A2D-BD6058E52D30}.Debug|x64.Build.0 = Debug|Any CPU
		{EA0C7491-79A7-4453-8A2D-BD6058E52D30}.Debug|x86.ActiveCfg = Debug|x86
		{EA0C7491-79A7-4453-8A2D-BD6058E52D30}.Debug|x86.Build.0 = Debug|x86
		{EA0C7491-79A7-4453-8A2D-BD6058E52D30}.Release|Any CPU.ActiveCfg = Release|Any CPU
		{EA0C7491-79A7-4453-8A2D-BD6058E52D30}.Release|Any CPU.Build.0 = Release|Any CPU
		{EA0C7491-79A7-4453-8A2D-BD6058E52D30}.Release|ARM.ActiveCfg = Release|Any CPU
		{EA0C7491-79A7-4453-8A2D-BD6058E52D30}.Release|ARM.Build.0 = Release|Any CPU
		{EA0C7491-79A7-4453-8A2D-BD6058E52D30}.Release|ARM64.ActiveCfg = Release|Any CPU
		{EA0C7491-79A7-4453-8A2D-BD6058E52D30}.Release|ARM64.Build.0 = Release|Any CPU
		{EA0C7491-79A7-4453-8A2D-BD6058E52D30}.Release|x64.ActiveCfg = Release|Any CPU
		{EA0C7491-79A7-4453-8A2D-BD6058E52D30}.Release|x64.Build.0 = Release|Any CPU
		{EA0C7491-79A7-4453-8A2D-BD6058E52D30}.Release|x86.ActiveCfg = Release|x86
		{EA0C7491-79A7-4453-8A2D-BD6058E52D30}.Release|x86.Build.0 = Release|x86
		{9F4E4CA8-477D-4F21-AC6F-F50E33E75CBC}.Debug|Any CPU.ActiveCfg = Debug|Any CPU
		{9F4E4CA8-477D-4F21-AC6F-F50E33E75CBC}.Debug|Any CPU.Build.0 = Debug|Any CPU
		{9F4E4CA8-477D-4F21-AC6F-F50E33E75CBC}.Debug|Any CPU.Deploy.0 = Debug|Any CPU
		{9F4E4CA8-477D-4F21-AC6F-F50E33E75CBC}.Debug|ARM.ActiveCfg = Debug|ARM
		{9F4E4CA8-477D-4F21-AC6F-F50E33E75CBC}.Debug|ARM.Build.0 = Debug|ARM
		{9F4E4CA8-477D-4F21-AC6F-F50E33E75CBC}.Debug|ARM.Deploy.0 = Debug|ARM
		{9F4E4CA8-477D-4F21-AC6F-F50E33E75CBC}.Debug|ARM64.ActiveCfg = Debug|ARM64
		{9F4E4CA8-477D-4F21-AC6F-F50E33E75CBC}.Debug|ARM64.Build.0 = Debug|ARM64
		{9F4E4CA8-477D-4F21-AC6F-F50E33E75CBC}.Debug|ARM64.Deploy.0 = Debug|ARM64
		{9F4E4CA8-477D-4F21-AC6F-F50E33E75CBC}.Debug|x64.ActiveCfg = Debug|x64
		{9F4E4CA8-477D-4F21-AC6F-F50E33E75CBC}.Debug|x64.Build.0 = Debug|x64
		{9F4E4CA8-477D-4F21-AC6F-F50E33E75CBC}.Debug|x64.Deploy.0 = Debug|x64
		{9F4E4CA8-477D-4F21-AC6F-F50E33E75CBC}.Debug|x86.ActiveCfg = Debug|x86
		{9F4E4CA8-477D-4F21-AC6F-F50E33E75CBC}.Debug|x86.Build.0 = Debug|x86
		{9F4E4CA8-477D-4F21-AC6F-F50E33E75CBC}.Debug|x86.Deploy.0 = Debug|x86
		{9F4E4CA8-477D-4F21-AC6F-F50E33E75CBC}.Release|Any CPU.ActiveCfg = Release|Any CPU
		{9F4E4CA8-477D-4F21-AC6F-F50E33E75CBC}.Release|Any CPU.Build.0 = Release|Any CPU
		{9F4E4CA8-477D-4F21-AC6F-F50E33E75CBC}.Release|Any CPU.Deploy.0 = Release|Any CPU
		{9F4E4CA8-477D-4F21-AC6F-F50E33E75CBC}.Release|ARM.ActiveCfg = Release|ARM
		{9F4E4CA8-477D-4F21-AC6F-F50E33E75CBC}.Release|ARM.Build.0 = Release|ARM
		{9F4E4CA8-477D-4F21-AC6F-F50E33E75CBC}.Release|ARM.Deploy.0 = Release|ARM
		{9F4E4CA8-477D-4F21-AC6F-F50E33E75CBC}.Release|ARM64.ActiveCfg = Release|ARM64
		{9F4E4CA8-477D-4F21-AC6F-F50E33E75CBC}.Release|ARM64.Build.0 = Release|ARM64
		{9F4E4CA8-477D-4F21-AC6F-F50E33E75CBC}.Release|ARM64.Deploy.0 = Release|ARM64
		{9F4E4CA8-477D-4F21-AC6F-F50E33E75CBC}.Release|x64.ActiveCfg = Release|x64
		{9F4E4CA8-477D-4F21-AC6F-F50E33E75CBC}.Release|x64.Build.0 = Release|x64
		{9F4E4CA8-477D-4F21-AC6F-F50E33E75CBC}.Release|x64.Deploy.0 = Release|x64
		{9F4E4CA8-477D-4F21-AC6F-F50E33E75CBC}.Release|x86.ActiveCfg = Release|x86
		{9F4E4CA8-477D-4F21-AC6F-F50E33E75CBC}.Release|x86.Build.0 = Release|x86
		{9F4E4CA8-477D-4F21-AC6F-F50E33E75CBC}.Release|x86.Deploy.0 = Release|x86
	EndGlobalSection
	GlobalSection(SolutionProperties) = preSolution
		HideSolutionNode = FALSE
	EndGlobalSection
	GlobalSection(ExtensibilityGlobals) = postSolution
		SolutionGuid = {EB29AA4D-EC98-4D52-9DC8-D3CF25B88629}
	EndGlobalSection
EndGlobal
